
Microsoft Visual Studio Solution File, Format Version 12.00
# Visual Studio Version 16
VisualStudioVersion = 16.0.30413.136
MinimumVisualStudioVersion = 10.0.40219.1
Project("{8BC9CEB8-8B4A-11D0-8D11-00A0C91BC942}") = "Лабораторная 17.1", "Лабораторная 17.1\Лабораторная 17.1.vcxproj", "{0D983F66-A786-4BB3-8920-32C0BF20940F}"
EndProject
Global
	GlobalSection(SolutionConfigurationPlatforms) = preSolution
		Debug|x64 = Debug|x64
		Debug|x86 = Debug|x86
		Release|x64 = Release|x64
		Release|x86 = Release|x86
	EndGlobalSection
	GlobalSection(ProjectConfigurationPlatforms) = postSolution
		{0D983F66-A786-4BB3-8920-32C0BF20940F}.Debug|x64.ActiveCfg = Debug|x64
		{0D983F66-A786-4BB3-8920-32C0BF20940F}.Debug|x64.Build.0 = Debug|x64
		{0D983F66-A786-4BB3-8920-32C0BF20940F}.Debug|x86.ActiveCfg = Debug|Win32
		{0D983F66-A786-4BB3-8920-32C0BF20940F}.Debug|x86.Build.0 = Debug|Win32
		{0D983F66-A786-4BB3-8920-32C0BF20940F}.Release|x64.ActiveCfg = Release|x64
		{0D983F66-A786-4BB3-8920-32C0BF20940F}.Release|x64.Build.0 = Release|x64
		{0D983F66-A786-4BB3-8920-32C0BF20940F}.Release|x86.ActiveCfg = Release|Win32
		{0D983F66-A786-4BB3-8920-32C0BF20940F}.Release|x86.Build.0 = Release|Win32
	EndGlobalSection
	GlobalSection(SolutionProperties) = preSolution
		HideSolutionNode = FALSE
	EndGlobalSection
	GlobalSection(ExtensibilityGlobals) = postSolution
		SolutionGuid = {CAE5925F-2B77-4C90-80CF-BA646C2829F7}
	EndGlobalSection
EndGlobal
