
Microsoft Visual Studio Solution File, Format Version 12.00
# Visual Studio Version 16
VisualStudioVersion = 16.0.30413.136
MinimumVisualStudioVersion = 10.0.40219.1
Project("{8BC9CEB8-8B4A-11D0-8D11-00A0C91BC942}") = "Лабораторная 25.допы", "Лабораторная 25.допы\Лабораторная 25.допы.vcxproj", "{0A5AF17F-D8B6-4521-A6A2-DE520C8699E1}"
EndProject
Global
	GlobalSection(SolutionConfigurationPlatforms) = preSolution
		Debug|x64 = Debug|x64
		Debug|x86 = Debug|x86
		Release|x64 = Release|x64
		Release|x86 = Release|x86
	EndGlobalSection
	GlobalSection(ProjectConfigurationPlatforms) = postSolution
		{0A5AF17F-D8B6-4521-A6A2-DE520C8699E1}.Debug|x64.ActiveCfg = Debug|x64
		{0A5AF17F-D8B6-4521-A6A2-DE520C8699E1}.Debug|x64.Build.0 = Debug|x64
		{0A5AF17F-D8B6-4521-A6A2-DE520C8699E1}.Debug|x86.ActiveCfg = Debug|Win32
		{0A5AF17F-D8B6-4521-A6A2-DE520C8699E1}.Debug|x86.Build.0 = Debug|Win32
		{0A5AF17F-D8B6-4521-A6A2-DE520C8699E1}.Release|x64.ActiveCfg = Release|x64
		{0A5AF17F-D8B6-4521-A6A2-DE520C8699E1}.Release|x64.Build.0 = Release|x64
		{0A5AF17F-D8B6-4521-A6A2-DE520C8699E1}.Release|x86.ActiveCfg = Release|Win32
		{0A5AF17F-D8B6-4521-A6A2-DE520C8699E1}.Release|x86.Build.0 = Release|Win32
	EndGlobalSection
	GlobalSection(SolutionProperties) = preSolution
		HideSolutionNode = FALSE
	EndGlobalSection
	GlobalSection(ExtensibilityGlobals) = postSolution
		SolutionGuid = {6257E16F-31C6-475A-84E0-629BEBF4032C}
	EndGlobalSection
EndGlobal
