
Microsoft Visual Studio Solution File, Format Version 12.00
# Visual Studio Version 16
VisualStudioVersion = 16.0.30413.136
MinimumVisualStudioVersion = 10.0.40219.1
Project("{8BC9CEB8-8B4A-11D0-8D11-00A0C91BC942}") = "Лабораторная 6.2", "Лабораторная 6.2\Лабораторная 6.2.vcxproj", "{BFCF1B19-2120-4A8F-BFB5-0FE857234E07}"
EndProject
Global
	GlobalSection(SolutionConfigurationPlatforms) = preSolution
		Debug|x64 = Debug|x64
		Debug|x86 = Debug|x86
		Release|x64 = Release|x64
		Release|x86 = Release|x86
	EndGlobalSection
	GlobalSection(ProjectConfigurationPlatforms) = postSolution
		{BFCF1B19-2120-4A8F-BFB5-0FE857234E07}.Debug|x64.ActiveCfg = Debug|x64
		{BFCF1B19-2120-4A8F-BFB5-0FE857234E07}.Debug|x64.Build.0 = Debug|x64
		{BFCF1B19-2120-4A8F-BFB5-0FE857234E07}.Debug|x86.ActiveCfg = Debug|Win32
		{BFCF1B19-2120-4A8F-BFB5-0FE857234E07}.Debug|x86.Build.0 = Debug|Win32
		{BFCF1B19-2120-4A8F-BFB5-0FE857234E07}.Release|x64.ActiveCfg = Release|x64
		{BFCF1B19-2120-4A8F-BFB5-0FE857234E07}.Release|x64.Build.0 = Release|x64
		{BFCF1B19-2120-4A8F-BFB5-0FE857234E07}.Release|x86.ActiveCfg = Release|Win32
		{BFCF1B19-2120-4A8F-BFB5-0FE857234E07}.Release|x86.Build.0 = Release|Win32
	EndGlobalSection
	GlobalSection(SolutionProperties) = preSolution
		HideSolutionNode = FALSE
	EndGlobalSection
	GlobalSection(ExtensibilityGlobals) = postSolution
		SolutionGuid = {29E92AB5-CC00-42A5-AD5F-8BE434054A48}
	EndGlobalSection
EndGlobal
