
Microsoft Visual Studio Solution File, Format Version 12.00
# Visual Studio Version 16
VisualStudioVersion = 16.0.30413.136
MinimumVisualStudioVersion = 10.0.40219.1
Project("{8BC9CEB8-8B4A-11D0-8D11-00A0C91BC942}") = "Лабораторная 21.1", "Лабораторная 21.1\Лабораторная 21.1.vcxproj", "{2198D71D-6818-4148-9FEE-5A0D27BA0069}"
EndProject
Global
	GlobalSection(SolutionConfigurationPlatforms) = preSolution
		Debug|x64 = Debug|x64
		Debug|x86 = Debug|x86
		Release|x64 = Release|x64
		Release|x86 = Release|x86
	EndGlobalSection
	GlobalSection(ProjectConfigurationPlatforms) = postSolution
		{2198D71D-6818-4148-9FEE-5A0D27BA0069}.Debug|x64.ActiveCfg = Debug|x64
		{2198D71D-6818-4148-9FEE-5A0D27BA0069}.Debug|x64.Build.0 = Debug|x64
		{2198D71D-6818-4148-9FEE-5A0D27BA0069}.Debug|x86.ActiveCfg = Debug|Win32
		{2198D71D-6818-4148-9FEE-5A0D27BA0069}.Debug|x86.Build.0 = Debug|Win32
		{2198D71D-6818-4148-9FEE-5A0D27BA0069}.Release|x64.ActiveCfg = Release|x64
		{2198D71D-6818-4148-9FEE-5A0D27BA0069}.Release|x64.Build.0 = Release|x64
		{2198D71D-6818-4148-9FEE-5A0D27BA0069}.Release|x86.ActiveCfg = Release|Win32
		{2198D71D-6818-4148-9FEE-5A0D27BA0069}.Release|x86.Build.0 = Release|Win32
	EndGlobalSection
	GlobalSection(SolutionProperties) = preSolution
		HideSolutionNode = FALSE
	EndGlobalSection
	GlobalSection(ExtensibilityGlobals) = postSolution
		SolutionGuid = {37214178-6077-46B9-9B70-2D858B58F0B2}
	EndGlobalSection
EndGlobal
