
Microsoft Visual Studio Solution File, Format Version 12.00
# Visual Studio Version 16
VisualStudioVersion = 16.0.30413.136
MinimumVisualStudioVersion = 10.0.40219.1
Project("{8BC9CEB8-8B4A-11D0-8D11-00A0C91BC942}") = "Лабораторная 13.4", "Лабораторная 13.4\Лабораторная 13.4.vcxproj", "{A4F760F0-6E60-4FAC-B75A-A6C48AAF321C}"
EndProject
Global
	GlobalSection(SolutionConfigurationPlatforms) = preSolution
		Debug|x64 = Debug|x64
		Debug|x86 = Debug|x86
		Release|x64 = Release|x64
		Release|x86 = Release|x86
	EndGlobalSection
	GlobalSection(ProjectConfigurationPlatforms) = postSolution
		{A4F760F0-6E60-4FAC-B75A-A6C48AAF321C}.Debug|x64.ActiveCfg = Debug|x64
		{A4F760F0-6E60-4FAC-B75A-A6C48AAF321C}.Debug|x64.Build.0 = Debug|x64
		{A4F760F0-6E60-4FAC-B75A-A6C48AAF321C}.Debug|x86.ActiveCfg = Debug|Win32
		{A4F760F0-6E60-4FAC-B75A-A6C48AAF321C}.Debug|x86.Build.0 = Debug|Win32
		{A4F760F0-6E60-4FAC-B75A-A6C48AAF321C}.Release|x64.ActiveCfg = Release|x64
		{A4F760F0-6E60-4FAC-B75A-A6C48AAF321C}.Release|x64.Build.0 = Release|x64
		{A4F760F0-6E60-4FAC-B75A-A6C48AAF321C}.Release|x86.ActiveCfg = Release|Win32
		{A4F760F0-6E60-4FAC-B75A-A6C48AAF321C}.Release|x86.Build.0 = Release|Win32
	EndGlobalSection
	GlobalSection(SolutionProperties) = preSolution
		HideSolutionNode = FALSE
	EndGlobalSection
	GlobalSection(ExtensibilityGlobals) = postSolution
		SolutionGuid = {20DBDF1C-BC5D-4168-8474-D4B7E5F74793}
	EndGlobalSection
EndGlobal
