
Microsoft Visual Studio Solution File, Format Version 12.00
# Visual Studio Version 16
VisualStudioVersion = 16.0.30413.136
MinimumVisualStudioVersion = 10.0.40219.1
Project("{8BC9CEB8-8B4A-11D0-8D11-00A0C91BC942}") = "Лабораторная 1", "Лабораторная 1\Лабораторная 1.vcxproj", "{228FCBFE-B09C-4158-922A-D820B69D9700}"
EndProject
Global
	GlobalSection(SolutionConfigurationPlatforms) = preSolution
		Debug|x64 = Debug|x64
		Debug|x86 = Debug|x86
		Release|x64 = Release|x64
		Release|x86 = Release|x86
	EndGlobalSection
	GlobalSection(ProjectConfigurationPlatforms) = postSolution
		{228FCBFE-B09C-4158-922A-D820B69D9700}.Debug|x64.ActiveCfg = Debug|x64
		{228FCBFE-B09C-4158-922A-D820B69D9700}.Debug|x64.Build.0 = Debug|x64
		{228FCBFE-B09C-4158-922A-D820B69D9700}.Debug|x86.ActiveCfg = Debug|Win32
		{228FCBFE-B09C-4158-922A-D820B69D9700}.Debug|x86.Build.0 = Debug|Win32
		{228FCBFE-B09C-4158-922A-D820B69D9700}.Release|x64.ActiveCfg = Release|x64
		{228FCBFE-B09C-4158-922A-D820B69D9700}.Release|x64.Build.0 = Release|x64
		{228FCBFE-B09C-4158-922A-D820B69D9700}.Release|x86.ActiveCfg = Release|Win32
		{228FCBFE-B09C-4158-922A-D820B69D9700}.Release|x86.Build.0 = Release|Win32
	EndGlobalSection
	GlobalSection(SolutionProperties) = preSolution
		HideSolutionNode = FALSE
	EndGlobalSection
	GlobalSection(ExtensibilityGlobals) = postSolution
		SolutionGuid = {F6B186C2-4E0C-469D-988A-B9C0E1E2341A}
	EndGlobalSection
EndGlobal
