
Microsoft Visual Studio Solution File, Format Version 12.00
# Visual Studio Version 16
VisualStudioVersion = 16.0.30413.136
MinimumVisualStudioVersion = 10.0.40219.1
Project("{8BC9CEB8-8B4A-11D0-8D11-00A0C91BC942}") = "Лабораторная 5.4.1", "Лабораторная 5.4.1\Лабораторная 5.4.1.vcxproj", "{40006E8B-31B9-4E98-B74F-12C5D66C2898}"
EndProject
Global
	GlobalSection(SolutionConfigurationPlatforms) = preSolution
		Debug|x64 = Debug|x64
		Debug|x86 = Debug|x86
		Release|x64 = Release|x64
		Release|x86 = Release|x86
	EndGlobalSection
	GlobalSection(ProjectConfigurationPlatforms) = postSolution
		{40006E8B-31B9-4E98-B74F-12C5D66C2898}.Debug|x64.ActiveCfg = Debug|x64
		{40006E8B-31B9-4E98-B74F-12C5D66C2898}.Debug|x64.Build.0 = Debug|x64
		{40006E8B-31B9-4E98-B74F-12C5D66C2898}.Debug|x86.ActiveCfg = Debug|Win32
		{40006E8B-31B9-4E98-B74F-12C5D66C2898}.Debug|x86.Build.0 = Debug|Win32
		{40006E8B-31B9-4E98-B74F-12C5D66C2898}.Release|x64.ActiveCfg = Release|x64
		{40006E8B-31B9-4E98-B74F-12C5D66C2898}.Release|x64.Build.0 = Release|x64
		{40006E8B-31B9-4E98-B74F-12C5D66C2898}.Release|x86.ActiveCfg = Release|Win32
		{40006E8B-31B9-4E98-B74F-12C5D66C2898}.Release|x86.Build.0 = Release|Win32
	EndGlobalSection
	GlobalSection(SolutionProperties) = preSolution
		HideSolutionNode = FALSE
	EndGlobalSection
	GlobalSection(ExtensibilityGlobals) = postSolution
		SolutionGuid = {BA8DA3FF-46EB-444C-BEF1-A27E956CBF11}
	EndGlobalSection
EndGlobal
