
Microsoft Visual Studio Solution File, Format Version 12.00
# Visual Studio Version 16
VisualStudioVersion = 16.0.30413.136
MinimumVisualStudioVersion = 10.0.40219.1
Project("{8BC9CEB8-8B4A-11D0-8D11-00A0C91BC942}") = "Лабораторная 20.3", "Лабораторная 20.3\Лабораторная 20.3.vcxproj", "{87D7BD33-4C1F-4ECA-9E8C-EAB437FA7ED7}"
EndProject
Global
	GlobalSection(SolutionConfigurationPlatforms) = preSolution
		Debug|x64 = Debug|x64
		Debug|x86 = Debug|x86
		Release|x64 = Release|x64
		Release|x86 = Release|x86
	EndGlobalSection
	GlobalSection(ProjectConfigurationPlatforms) = postSolution
		{87D7BD33-4C1F-4ECA-9E8C-EAB437FA7ED7}.Debug|x64.ActiveCfg = Debug|x64
		{87D7BD33-4C1F-4ECA-9E8C-EAB437FA7ED7}.Debug|x64.Build.0 = Debug|x64
		{87D7BD33-4C1F-4ECA-9E8C-EAB437FA7ED7}.Debug|x86.ActiveCfg = Debug|Win32
		{87D7BD33-4C1F-4ECA-9E8C-EAB437FA7ED7}.Debug|x86.Build.0 = Debug|Win32
		{87D7BD33-4C1F-4ECA-9E8C-EAB437FA7ED7}.Release|x64.ActiveCfg = Release|x64
		{87D7BD33-4C1F-4ECA-9E8C-EAB437FA7ED7}.Release|x64.Build.0 = Release|x64
		{87D7BD33-4C1F-4ECA-9E8C-EAB437FA7ED7}.Release|x86.ActiveCfg = Release|Win32
		{87D7BD33-4C1F-4ECA-9E8C-EAB437FA7ED7}.Release|x86.Build.0 = Release|Win32
	EndGlobalSection
	GlobalSection(SolutionProperties) = preSolution
		HideSolutionNode = FALSE
	EndGlobalSection
	GlobalSection(ExtensibilityGlobals) = postSolution
		SolutionGuid = {2ECF0DE1-4099-4AD1-88AF-A71C0E704AFB}
	EndGlobalSection
EndGlobal
